
Microsoft Visual Studio Solution File, Format Version 12.00
# Visual Studio Version 16
VisualStudioVersion = 16.0.31727.386
MinimumVisualStudioVersion = 10.0.40219.1
Project("{FAE04EC0-301F-11D3-BF4B-00C04F79EFBC}") = "OopsConceptFinal", "OopsConceptFinal.csproj", "{47F2C181-E85E-4447-B224-A2DC6C90AFE2}"
EndProject
Global
	GlobalSection(SolutionConfigurationPlatforms) = preSolution
		Debug|Any CPU = Debug|Any CPU
		Release|Any CPU = Release|Any CPU
	EndGlobalSection
	GlobalSection(ProjectConfigurationPlatforms) = postSolution
		{47F2C181-E85E-4447-B224-A2DC6C90AFE2}.Debug|Any CPU.ActiveCfg = Debug|Any CPU
		{47F2C181-E85E-4447-B224-A2DC6C90AFE2}.Debug|Any CPU.Build.0 = Debug|Any CPU
		{47F2C181-E85E-4447-B224-A2DC6C90AFE2}.Release|Any CPU.ActiveCfg = Release|Any CPU
		{47F2C181-E85E-4447-B224-A2DC6C90AFE2}.Release|Any CPU.Build.0 = Release|Any CPU
	EndGlobalSection
	GlobalSection(SolutionProperties) = preSolution
		HideSolutionNode = FALSE
	EndGlobalSection
	GlobalSection(ExtensibilityGlobals) = postSolution
		SolutionGuid = {87AFF252-165D-43C2-BA0C-5B867B73A03A}
	EndGlobalSection
EndGlobal
